
Microsoft Visual Studio Solution File, Format Version 12.00
# Visual Studio 15
VisualStudioVersion = 15.0.26730.16
MinimumVisualStudioVersion = 10.0.40219.1
Project("{FAE04EC0-301F-11D3-BF4B-00C04F79EFBC}") = "Generics", "Generics\Generics.csproj", "{D682A047-ED12-44A8-9C89-F379243C0E7B}"
EndProject
Project("{FAE04EC0-301F-11D3-BF4B-00C04F79EFBC}") = "Delegates", "Delegates\Delegates.csproj", "{22CDA0E7-0FA4-4A7A-8A2F-E082B096A3F6}"
EndProject
Project("{FAE04EC0-301F-11D3-BF4B-00C04F79EFBC}") = "LambdaExpressions", "LambdaExpressions\LambdaExpressions.csproj", "{F8B1F9BA-42B4-4564-ADCE-7CBFC9B823DA}"
EndProject
Project("{FAE04EC0-301F-11D3-BF4B-00C04F79EFBC}") = "EventsAndDelegates", "EventsAndDelegates\EventsAndDelegates.csproj", "{A65C7B6E-9EF3-4E46-9900-3A43B017BE54}"
EndProject
Project("{FAE04EC0-301F-11D3-BF4B-00C04F79EFBC}") = "ExtensionMethods", "ExtensionMethods\ExtensionMethods.csproj", "{62521560-FE80-4358-980D-440AF07F0141}"
EndProject
Project("{FAE04EC0-301F-11D3-BF4B-00C04F79EFBC}") = "LINQ", "LINQ\LINQ.csproj", "{B85CC4B8-3263-4431-927C-8CAD97DE3BDE}"
EndProject
Global
	GlobalSection(SolutionConfigurationPlatforms) = preSolution
		Debug|Any CPU = Debug|Any CPU
		Release|Any CPU = Release|Any CPU
	EndGlobalSection
	GlobalSection(ProjectConfigurationPlatforms) = postSolution
		{D682A047-ED12-44A8-9C89-F379243C0E7B}.Debug|Any CPU.ActiveCfg = Debug|Any CPU
		{D682A047-ED12-44A8-9C89-F379243C0E7B}.Debug|Any CPU.Build.0 = Debug|Any CPU
		{D682A047-ED12-44A8-9C89-F379243C0E7B}.Release|Any CPU.ActiveCfg = Release|Any CPU
		{D682A047-ED12-44A8-9C89-F379243C0E7B}.Release|Any CPU.Build.0 = Release|Any CPU
		{22CDA0E7-0FA4-4A7A-8A2F-E082B096A3F6}.Debug|Any CPU.ActiveCfg = Debug|Any CPU
		{22CDA0E7-0FA4-4A7A-8A2F-E082B096A3F6}.Debug|Any CPU.Build.0 = Debug|Any CPU
		{22CDA0E7-0FA4-4A7A-8A2F-E082B096A3F6}.Release|Any CPU.ActiveCfg = Release|Any CPU
		{22CDA0E7-0FA4-4A7A-8A2F-E082B096A3F6}.Release|Any CPU.Build.0 = Release|Any CPU
		{F8B1F9BA-42B4-4564-ADCE-7CBFC9B823DA}.Debug|Any CPU.ActiveCfg = Debug|Any CPU
		{F8B1F9BA-42B4-4564-ADCE-7CBFC9B823DA}.Debug|Any CPU.Build.0 = Debug|Any CPU
		{F8B1F9BA-42B4-4564-ADCE-7CBFC9B823DA}.Release|Any CPU.ActiveCfg = Release|Any CPU
		{F8B1F9BA-42B4-4564-ADCE-7CBFC9B823DA}.Release|Any CPU.Build.0 = Release|Any CPU
		{A65C7B6E-9EF3-4E46-9900-3A43B017BE54}.Debug|Any CPU.ActiveCfg = Debug|Any CPU
		{A65C7B6E-9EF3-4E46-9900-3A43B017BE54}.Debug|Any CPU.Build.0 = Debug|Any CPU
		{A65C7B6E-9EF3-4E46-9900-3A43B017BE54}.Release|Any CPU.ActiveCfg = Release|Any CPU
		{A65C7B6E-9EF3-4E46-9900-3A43B017BE54}.Release|Any CPU.Build.0 = Release|Any CPU
		{62521560-FE80-4358-980D-440AF07F0141}.Debug|Any CPU.ActiveCfg = Debug|Any CPU
		{62521560-FE80-4358-980D-440AF07F0141}.Debug|Any CPU.Build.0 = Debug|Any CPU
		{62521560-FE80-4358-980D-440AF07F0141}.Release|Any CPU.ActiveCfg = Release|Any CPU
		{62521560-FE80-4358-980D-440AF07F0141}.Release|Any CPU.Build.0 = Release|Any CPU
		{B85CC4B8-3263-4431-927C-8CAD97DE3BDE}.Debug|Any CPU.ActiveCfg = Debug|Any CPU
		{B85CC4B8-3263-4431-927C-8CAD97DE3BDE}.Debug|Any CPU.Build.0 = Debug|Any CPU
		{B85CC4B8-3263-4431-927C-8CAD97DE3BDE}.Release|Any CPU.ActiveCfg = Release|Any CPU
		{B85CC4B8-3263-4431-927C-8CAD97DE3BDE}.Release|Any CPU.Build.0 = Release|Any CPU
	EndGlobalSection
	GlobalSection(SolutionProperties) = preSolution
		HideSolutionNode = FALSE
	EndGlobalSection
	GlobalSection(ExtensibilityGlobals) = postSolution
		SolutionGuid = {61CFECDB-2688-4BC7-96C6-1D96493D9E65}
	EndGlobalSection
EndGlobal
